// !$*UTF8*$!
{
	archiveVersion = 1;
	classes = {
	};
	objectVersion = 55;
	objects = {

/* Begin PBXBuildFile section */
		2E7BFD102A696AF900FF784F /* InstaApp.swift in Sources */ = {isa = PBXBuildFile; fileRef = 2E7BFD0F2A696AF900FF784F /* InstaApp.swift */; };
		2E7BFD122A696AF900FF784F /* FeedView.swift in Sources */ = {isa = PBXBuildFile; fileRef = 2E7BFD112A696AF900FF784F /* FeedView.swift */; };
		2E7BFD142A696AFC00FF784F /* Assets.xcassets in Resources */ = {isa = PBXBuildFile; fileRef = 2E7BFD132A696AFC00FF784F /* Assets.xcassets */; };
		2E7BFD172A696AFC00FF784F /* Preview Assets.xcassets in Resources */ = {isa = PBXBuildFile; fileRef = 2E7BFD162A696AFC00FF784F /* Preview Assets.xcassets */; };
		2E7C49452A6ABE86000E236D /* moca.jpg in Resources */ = {isa = PBXBuildFile; fileRef = 2E7C493F2A6ABE86000E236D /* moca.jpg */; };
		2E7C49462A6ABE86000E236D /* moca2.jpg in Resources */ = {isa = PBXBuildFile; fileRef = 2E7C49402A6ABE86000E236D /* moca2.jpg */; };
		2E7C49472A6ABE86000E236D /* rose.jpg in Resources */ = {isa = PBXBuildFile; fileRef = 2E7C49412A6ABE86000E236D /* rose.jpg */; };
		2E7C49482A6ABE86000E236D /* cara.jpg in Resources */ = {isa = PBXBuildFile; fileRef = 2E7C49422A6ABE86000E236D /* cara.jpg */; };
		2E7C49492A6ABE86000E236D /* montanha.jpg in Resources */ = {isa = PBXBuildFile; fileRef = 2E7C49432A6ABE86000E236D /* montanha.jpg */; };
		2E7C494A2A6ABE86000E236D /* cyberpunk.jpg in Resources */ = {isa = PBXBuildFile; fileRef = 2E7C49442A6ABE86000E236D /* cyberpunk.jpg */; };
		2E7C494D2A6AC250000E236D /* fonte.ttf in Resources */ = {isa = PBXBuildFile; fileRef = 2E7C494C2A6AC250000E236D /* fonte.ttf */; };
		2E7C49502A6AD620000E236D /* ImageView.swift in Sources */ = {isa = PBXBuildFile; fileRef = 2E7C494F2A6AD620000E236D /* ImageView.swift */; };
		2E7C49522A6AD72F000E236D /* cara2.jpg in Resources */ = {isa = PBXBuildFile; fileRef = 2E7C49512A6AD72F000E236D /* cara2.jpg */; };
		2EA917322A6AEE4F0003120E /* FeedViewModel.swift in Sources */ = {isa = PBXBuildFile; fileRef = 2EA917312A6AEE4F0003120E /* FeedViewModel.swift */; };
/* End PBXBuildFile section */

/* Begin PBXFileReference section */
		2E7BFD0C2A696AF900FF784F /* Insta.app */ = {isa = PBXFileReference; explicitFileType = wrapper.application; includeInIndex = 0; path = Insta.app; sourceTree = BUILT_PRODUCTS_DIR; };
		2E7BFD0F2A696AF900FF784F /* InstaApp.swift */ = {isa = PBXFileReference; lastKnownFileType = sourcecode.swift; path = InstaApp.swift; sourceTree = "<group>"; };
		2E7BFD112A696AF900FF784F /* FeedView.swift */ = {isa = PBXFileReference; lastKnownFileType = sourcecode.swift; path = FeedView.swift; sourceTree = "<group>"; };
		2E7BFD132A696AFC00FF784F /* Assets.xcassets */ = {isa = PBXFileReference; lastKnownFileType = folder.assetcatalog; path = Assets.xcassets; sourceTree = "<group>"; };
		2E7BFD162A696AFC00FF784F /* Preview Assets.xcassets */ = {isa = PBXFileReference; lastKnownFileType = folder.assetcatalog; path = "Preview Assets.xcassets"; sourceTree = "<group>"; };
		2E7C493F2A6ABE86000E236D /* moca.jpg */ = {isa = PBXFileReference; lastKnownFileType = image.jpeg; name = moca.jpg; path = ../../../../../Downloads/moca.jpg; sourceTree = "<group>"; };
		2E7C49402A6ABE86000E236D /* moca2.jpg */ = {isa = PBXFileReference; lastKnownFileType = image.jpeg; name = moca2.jpg; path = ../../../../../Downloads/moca2.jpg; sourceTree = "<group>"; };
		2E7C49412A6ABE86000E236D /* rose.jpg */ = {isa = PBXFileReference; lastKnownFileType = image.jpeg; name = rose.jpg; path = ../../../../../Downloads/rose.jpg; sourceTree = "<group>"; };
		2E7C49422A6ABE86000E236D /* cara.jpg */ = {isa = PBXFileReference; lastKnownFileType = image.jpeg; name = cara.jpg; path = ../../../../../Downloads/cara.jpg; sourceTree = "<group>"; };
		2E7C49432A6ABE86000E236D /* montanha.jpg */ = {isa = PBXFileReference; lastKnownFileType = image.jpeg; name = montanha.jpg; path = ../../../../../Downloads/montanha.jpg; sourceTree = "<group>"; };
		2E7C49442A6ABE86000E236D /* cyberpunk.jpg */ = {isa = PBXFileReference; lastKnownFileType = image.jpeg; name = cyberpunk.jpg; path = ../../../../../Downloads/cyberpunk.jpg; sourceTree = "<group>"; };
		2E7C494C2A6AC250000E236D /* fonte.ttf */ = {isa = PBXFileReference; lastKnownFileType = file; name = fonte.ttf; path = ../../../../../Downloads/fonte.ttf; sourceTree = "<group>"; };
		2E7C494F2A6AD620000E236D /* ImageView.swift */ = {isa = PBXFileReference; lastKnownFileType = sourcecode.swift; path = ImageView.swift; sourceTree = "<group>"; };
		2E7C49512A6AD72F000E236D /* cara2.jpg */ = {isa = PBXFileReference; lastKnownFileType = image.jpeg; name = cara2.jpg; path = ../../../../../Downloads/cara2.jpg; sourceTree = "<group>"; };
		2EA917312A6AEE4F0003120E /* FeedViewModel.swift */ = {isa = PBXFileReference; lastKnownFileType = sourcecode.swift; path = FeedViewModel.swift; sourceTree = "<group>"; };
/* End PBXFileReference section */

/* Begin PBXFrameworksBuildPhase section */
		2E7BFD092A696AF900FF784F /* Frameworks */ = {
			isa = PBXFrameworksBuildPhase;
			buildActionMask = 2147483647;
			files = (
			);
			runOnlyForDeploymentPostprocessing = 0;
		};
/* End PBXFrameworksBuildPhase section */

/* Begin PBXGroup section */
		2E7BFD032A696AF900FF784F = {
			isa = PBXGroup;
			children = (
				2E7BFD0E2A696AF900FF784F /* Insta */,
				2E7BFD0D2A696AF900FF784F /* Products */,
			);
			sourceTree = "<group>";
		};
		2E7BFD0D2A696AF900FF784F /* Products */ = {
			isa = PBXGroup;
			children = (
				2E7BFD0C2A696AF900FF784F /* Insta.app */,
			);
			name = Products;
			sourceTree = "<group>";
		};
		2E7BFD0E2A696AF900FF784F /* Insta */ = {
			isa = PBXGroup;
			children = (
				2EA917302A6AEE220003120E /* ViewModels */,
				2E7C494B2A6AC10A000E236D /* Fonts */,
				2E7C493E2A6ABE6D000E236D /* imgs */,
				2E7C494E2A6AD5DA000E236D /* Views */,
				2E7BFD132A696AFC00FF784F /* Assets.xcassets */,
				2E7BFD0F2A696AF900FF784F /* InstaApp.swift */,
				2E7BFD152A696AFC00FF784F /* Preview Content */,
			);
			path = Insta;
			sourceTree = "<group>";
		};
		2E7BFD152A696AFC00FF784F /* Preview Content */ = {
			isa = PBXGroup;
			children = (
				2E7BFD162A696AFC00FF784F /* Preview Assets.xcassets */,
			);
			path = "Preview Content";
			sourceTree = "<group>";
		};
		2E7C493E2A6ABE6D000E236D /* imgs */ = {
			isa = PBXGroup;
			children = (
				2E7C49512A6AD72F000E236D /* cara2.jpg */,
				2E7C49432A6ABE86000E236D /* montanha.jpg */,
				2E7C493F2A6ABE86000E236D /* moca.jpg */,
				2E7C49442A6ABE86000E236D /* cyberpunk.jpg */,
				2E7C49412A6ABE86000E236D /* rose.jpg */,
				2E7C49422A6ABE86000E236D /* cara.jpg */,
				2E7C49402A6ABE86000E236D /* moca2.jpg */,
			);
			path = imgs;
			sourceTree = "<group>";
		};
		2E7C494B2A6AC10A000E236D /* Fonts */ = {
			isa = PBXGroup;
			children = (
				2E7C494C2A6AC250000E236D /* fonte.ttf */,
			);
			path = Fonts;
			sourceTree = "<group>";
		};
		2E7C494E2A6AD5DA000E236D /* Views */ = {
			isa = PBXGroup;
			children = (
				2E7BFD112A696AF900FF784F /* FeedView.swift */,
				2E7C494F2A6AD620000E236D /* ImageView.swift */,
			);
			path = Views;
			sourceTree = "<group>";
		};
		2EA917302A6AEE220003120E /* ViewModels */ = {
			isa = PBXGroup;
			children = (
				2EA917312A6AEE4F0003120E /* FeedViewModel.swift */,
			);
			path = ViewModels;
			sourceTree = "<group>";
		};
/* End PBXGroup section */

/* Begin PBXNativeTarget section */
		2E7BFD0B2A696AF900FF784F /* Insta */ = {
			isa = PBXNativeTarget;
			buildConfigurationList = 2E7BFD1A2A696AFC00FF784F /* Build configuration list for PBXNativeTarget "Insta" */;
			buildPhases = (
				2E7BFD082A696AF900FF784F /* Sources */,
				2E7BFD092A696AF900FF784F /* Frameworks */,
				2E7BFD0A2A696AF900FF784F /* Resources */,
			);
			buildRules = (
			);
			dependencies = (
			);
			name = Insta;
			productName = Insta;
			productReference = 2E7BFD0C2A696AF900FF784F /* Insta.app */;
			productType = "com.apple.product-type.application";
		};
/* End PBXNativeTarget section */

/* Begin PBXProject section */
		2E7BFD042A696AF900FF784F /* Project object */ = {
			isa = PBXProject;
			attributes = {
				BuildIndependentTargetsInParallel = 1;
				LastSwiftUpdateCheck = 1320;
				LastUpgradeCheck = 1320;
				TargetAttributes = {
					2E7BFD0B2A696AF900FF784F = {
						CreatedOnToolsVersion = 13.2;
					};
				};
			};
			buildConfigurationList = 2E7BFD072A696AF900FF784F /* Build configuration list for PBXProject "Insta" */;
			compatibilityVersion = "Xcode 13.0";
			developmentRegion = en;
			hasScannedForEncodings = 0;
			knownRegions = (
				en,
				Base,
			);
			mainGroup = 2E7BFD032A696AF900FF784F;
			productRefGroup = 2E7BFD0D2A696AF900FF784F /* Products */;
			projectDirPath = "";
			projectRoot = "";
			targets = (
				2E7BFD0B2A696AF900FF784F /* Insta */,
			);
		};
/* End PBXProject section */

/* Begin PBXResourcesBuildPhase section */
		2E7BFD0A2A696AF900FF784F /* Resources */ = {
			isa = PBXResourcesBuildPhase;
			buildActionMask = 2147483647;
			files = (
				2E7C49462A6ABE86000E236D /* moca2.jpg in Resources */,
				2E7C49492A6ABE86000E236D /* montanha.jpg in Resources */,
				2E7C49522A6AD72F000E236D /* cara2.jpg in Resources */,
				2E7C49452A6ABE86000E236D /* moca.jpg in Resources */,
				2E7C494D2A6AC250000E236D /* fonte.ttf in Resources */,
				2E7BFD172A696AFC00FF784F /* Preview Assets.xcassets in Resources */,
				2E7C49482A6ABE86000E236D /* cara.jpg in Resources */,
				2E7BFD142A696AFC00FF784F /* Assets.xcassets in Resources */,
				2E7C494A2A6ABE86000E236D /* cyberpunk.jpg in Resources */,
				2E7C49472A6ABE86000E236D /* rose.jpg in Resources */,
			);
			runOnlyForDeploymentPostprocessing = 0;
		};
/* End PBXResourcesBuildPhase section */

/* Begin PBXSourcesBuildPhase section */
		2E7BFD082A696AF900FF784F /* Sources */ = {
			isa = PBXSourcesBuildPhase;
			buildActionMask = 2147483647;
			files = (
				2E7C49502A6AD620000E236D /* ImageView.swift in Sources */,
				2E7BFD122A696AF900FF784F /* FeedView.swift in Sources */,
				2EA917322A6AEE4F0003120E /* FeedViewModel.swift in Sources */,
				2E7BFD102A696AF900FF784F /* InstaApp.swift in Sources */,
			);
			runOnlyForDeploymentPostprocessing = 0;
		};
/* End PBXSourcesBuildPhase section */

/* Begin XCBuildConfiguration section */
		2E7BFD182A696AFC00FF784F /* Debug */ = {
			isa = XCBuildConfiguration;
			buildSettings = {
				ALWAYS_SEARCH_USER_PATHS = NO;
				CLANG_ANALYZER_NONNULL = YES;
				CLANG_ANALYZER_NUMBER_OBJECT_CONVERSION = YES_AGGRESSIVE;
				CLANG_CXX_LANGUAGE_STANDARD = "gnu++17";
				CLANG_CXX_LIBRARY = "libc++";
				CLANG_ENABLE_MODULES = YES;
				CLANG_ENABLE_OBJC_ARC = YES;
				CLANG_ENABLE_OBJC_WEAK = YES;
				CLANG_WARN_BLOCK_CAPTURE_AUTORELEASING = YES;
				CLANG_WARN_BOOL_CONVERSION = YES;
				CLANG_WARN_COMMA = YES;
				CLANG_WARN_CONSTANT_CONVERSION = YES;
				CLANG_WARN_DEPRECATED_OBJC_IMPLEMENTATIONS = YES;
				CLANG_WARN_DIRECT_OBJC_ISA_USAGE = YES_ERROR;
				CLANG_WARN_DOCUMENTATION_COMMENTS = YES;
				CLANG_WARN_EMPTY_BODY = YES;
				CLANG_WARN_ENUM_CONVERSION = YES;
				CLANG_WARN_INFINITE_RECURSION = YES;
				CLANG_WARN_INT_CONVERSION = YES;
				CLANG_WARN_NON_LITERAL_NULL_CONVERSION = YES;
				CLANG_WARN_OBJC_IMPLICIT_RETAIN_SELF = YES;
				CLANG_WARN_OBJC_LITERAL_CONVERSION = YES;
				CLANG_WARN_OBJC_ROOT_CLASS = YES_ERROR;
				CLANG_WARN_QUOTED_INCLUDE_IN_FRAMEWORK_HEADER = YES;
				CLANG_WARN_RANGE_LOOP_ANALYSIS = YES;
				CLANG_WARN_STRICT_PROTOTYPES = YES;
				CLANG_WARN_SUSPICIOUS_MOVE = YES;
				CLANG_WARN_UNGUARDED_AVAILABILITY = YES_AGGRESSIVE;
				CLANG_WARN_UNREACHABLE_CODE = YES;
				CLANG_WARN__DUPLICATE_METHOD_MATCH = YES;
				COPY_PHASE_STRIP = NO;
				DEBUG_INFORMATION_FORMAT = dwarf;
				ENABLE_STRICT_OBJC_MSGSEND = YES;
				ENABLE_TESTABILITY = YES;
				GCC_C_LANGUAGE_STANDARD = gnu11;
				GCC_DYNAMIC_NO_PIC = NO;
				GCC_NO_COMMON_BLOCKS = YES;
				GCC_OPTIMIZATION_LEVEL = 0;
				GCC_PREPROCESSOR_DEFINITIONS = (
					"DEBUG=1",
					"$(inherited)",
				);
				GCC_WARN_64_TO_32_BIT_CONVERSION = YES;
				GCC_WARN_ABOUT_RETURN_TYPE = YES_ERROR;
				GCC_WARN_UNDECLARED_SELECTOR = YES;
				GCC_WARN_UNINITIALIZED_AUTOS = YES_AGGRESSIVE;
				GCC_WARN_UNUSED_FUNCTION = YES;
				GCC_WARN_UNUSED_VARIABLE = YES;
				IPHONEOS_DEPLOYMENT_TARGET = 15.2;
				MTL_ENABLE_DEBUG_INFO = INCLUDE_SOURCE;
				MTL_FAST_MATH = YES;
				ONLY_ACTIVE_ARCH = YES;
				SDKROOT = iphoneos;
				SWIFT_ACTIVE_COMPILATION_CONDITIONS = DEBUG;
				SWIFT_OPTIMIZATION_LEVEL = "-Onone";
			};
			name = Debug;
		};
		2E7BFD192A696AFC00FF784F /* Release */ = {
			isa = XCBuildConfiguration;
			buildSettings = {
				ALWAYS_SEARCH_USER_PATHS = NO;
				CLANG_ANALYZER_NONNULL = YES;
				CLANG_ANALYZER_NUMBER_OBJECT_CONVERSION = YES_AGGRESSIVE;
				CLANG_CXX_LANGUAGE_STANDARD = "gnu++17";
				CLANG_CXX_LIBRARY = "libc++";
				CLANG_ENABLE_MODULES = YES;
				CLANG_ENABLE_OBJC_ARC = YES;
				CLANG_ENABLE_OBJC_WEAK = YES;
				CLANG_WARN_BLOCK_CAPTURE_AUTORELEASING = YES;
				CLANG_WARN_BOOL_CONVERSION = YES;
				CLANG_WARN_COMMA = YES;
				CLANG_WARN_CONSTANT_CONVERSION = YES;
				CLANG_WARN_DEPRECATED_OBJC_IMPLEMENTATIONS = YES;
				CLANG_WARN_DIRECT_OBJC_ISA_USAGE = YES_ERROR;
				CLANG_WARN_DOCUMENTATION_COMMENTS = YES;
				CLANG_WARN_EMPTY_BODY = YES;
				CLANG_WARN_ENUM_CONVERSION = YES;
				CLANG_WARN_INFINITE_RECURSION = YES;
				CLANG_WARN_INT_CONVERSION = YES;
				CLANG_WARN_NON_LITERAL_NULL_CONVERSION = YES;
				CLANG_WARN_OBJC_IMPLICIT_RETAIN_SELF = YES;
				CLANG_WARN_OBJC_LITERAL_CONVERSION = YES;
				CLANG_WARN_OBJC_ROOT_CLASS = YES_ERROR;
				CLANG_WARN_QUOTED_INCLUDE_IN_FRAMEWORK_HEADER = YES;
				CLANG_WARN_RANGE_LOOP_ANALYSIS = YES;
				CLANG_WARN_STRICT_PROTOTYPES = YES;
				CLANG_WARN_SUSPICIOUS_MOVE = YES;
				CLANG_WARN_UNGUARDED_AVAILABILITY = YES_AGGRESSIVE;
				CLANG_WARN_UNREACHABLE_CODE = YES;
				CLANG_WARN__DUPLICATE_METHOD_MATCH = YES;
				COPY_PHASE_STRIP = NO;
				DEBUG_INFORMATION_FORMAT = "dwarf-with-dsym";
				ENABLE_NS_ASSERTIONS = NO;
				ENABLE_STRICT_OBJC_MSGSEND = YES;
				GCC_C_LANGUAGE_STANDARD = gnu11;
				GCC_NO_COMMON_BLOCKS = YES;
				GCC_WARN_64_TO_32_BIT_CONVERSION = YES;
				GCC_WARN_ABOUT_RETURN_TYPE = YES_ERROR;
				GCC_WARN_UNDECLARED_SELECTOR = YES;
				GCC_WARN_UNINITIALIZED_AUTOS = YES_AGGRESSIVE;
				GCC_WARN_UNUSED_FUNCTION = YES;
				GCC_WARN_UNUSED_VARIABLE = YES;
				IPHONEOS_DEPLOYMENT_TARGET = 15.2;
				MTL_ENABLE_DEBUG_INFO = NO;
				MTL_FAST_MATH = YES;
				SDKROOT = iphoneos;
				SWIFT_COMPILATION_MODE = wholemodule;
				SWIFT_OPTIMIZATION_LEVEL = "-O";
				VALIDATE_PRODUCT = YES;
			};
			name = Release;
		};
		2E7BFD1B2A696AFC00FF784F /* Debug */ = {
			isa = XCBuildConfiguration;
			buildSettings = {
				ASSETCATALOG_COMPILER_APPICON_NAME = AppIcon;
				ASSETCATALOG_COMPILER_GLOBAL_ACCENT_COLOR_NAME = AccentColor;
				CODE_SIGN_STYLE = Automatic;
				CURRENT_PROJECT_VERSION = 1;
				DEVELOPMENT_ASSET_PATHS = "\"Insta/Preview Content\"";
				ENABLE_PREVIEWS = YES;
				GENERATE_INFOPLIST_FILE = YES;
				INFOPLIST_KEY_UIApplicationSceneManifest_Generation = YES;
				INFOPLIST_KEY_UIApplicationSupportsIndirectInputEvents = YES;
				INFOPLIST_KEY_UILaunchScreen_Generation = YES;
				INFOPLIST_KEY_UISupportedInterfaceOrientations_iPad = "UIInterfaceOrientationPortrait UIInterfaceOrientationPortraitUpsideDown UIInterfaceOrientationLandscapeLeft UIInterfaceOrientationLandscapeRight";
				INFOPLIST_KEY_UISupportedInterfaceOrientations_iPhone = "UIInterfaceOrientationPortrait UIInterfaceOrientationLandscapeLeft UIInterfaceOrientationLandscapeRight";
				LD_RUNPATH_SEARCH_PATHS = (
					"$(inherited)",
					"@executable_path/Frameworks",
				);
				MARKETING_VERSION = 1.0;
				PRODUCT_BUNDLE_IDENTIFIER = "github-Antunigr.Insta";
				PRODUCT_NAME = "$(TARGET_NAME)";
				SWIFT_EMIT_LOC_STRINGS = YES;
				SWIFT_VERSION = 5.0;
				TARGETED_DEVICE_FAMILY = 1;
			};
			name = Debug;
		};
		2E7BFD1C2A696AFC00FF784F /* Release */ = {
			isa = XCBuildConfiguration;
			buildSettings = {
				ASSETCATALOG_COMPILER_APPICON_NAME = AppIcon;
				ASSETCATALOG_COMPILER_GLOBAL_ACCENT_COLOR_NAME = AccentColor;
				CODE_SIGN_STYLE = Automatic;
				CURRENT_PROJECT_VERSION = 1;
				DEVELOPMENT_ASSET_PATHS = "\"Insta/Preview Content\"";
				ENABLE_PREVIEWS = YES;
				GENERATE_INFOPLIST_FILE = YES;
				INFOPLIST_KEY_UIApplicationSceneManifest_Generation = YES;
				INFOPLIST_KEY_UIApplicationSupportsIndirectInputEvents = YES;
				INFOPLIST_KEY_UILaunchScreen_Generation = YES;
				INFOPLIST_KEY_UISupportedInterfaceOrientations_iPad = "UIInterfaceOrientationPortrait UIInterfaceOrientationPortraitUpsideDown UIInterfaceOrientationLandscapeLeft UIInterfaceOrientationLandscapeRight";
				INFOPLIST_KEY_UISupportedInterfaceOrientations_iPhone = "UIInterfaceOrientationPortrait UIInterfaceOrientationLandscapeLeft UIInterfaceOrientationLandscapeRight";
				LD_RUNPATH_SEARCH_PATHS = (
					"$(inherited)",
					"@executable_path/Frameworks",
				);
				MARKETING_VERSION = 1.0;
				PRODUCT_BUNDLE_IDENTIFIER = "github-Antunigr.Insta";
				PRODUCT_NAME = "$(TARGET_NAME)";
				SWIFT_EMIT_LOC_STRINGS = YES;
				SWIFT_VERSION = 5.0;
				TARGETED_DEVICE_FAMILY = 1;
			};
			name = Release;
		};
/* End XCBuildConfiguration section */

/* Begin XCConfigurationList section */
		2E7BFD072A696AF900FF784F /* Build configuration list for PBXProject "Insta" */ = {
			isa = XCConfigurationList;
			buildConfigurations = (
				2E7BFD182A696AFC00FF784F /* Debug */,
				2E7BFD192A696AFC00FF784F /* Release */,
			);
			defaultConfigurationIsVisible = 0;
			defaultConfigurationName = Release;
		};
		2E7BFD1A2A696AFC00FF784F /* Build configuration list for PBXNativeTarget "Insta" */ = {
			isa = XCConfigurationList;
			buildConfigurations = (
				2E7BFD1B2A696AFC00FF784F /* Debug */,
				2E7BFD1C2A696AFC00FF784F /* Release */,
			);
			defaultConfigurationIsVisible = 0;
			defaultConfigurationName = Release;
		};
/* End XCConfigurationList section */
	};
	rootObject = 2E7BFD042A696AF900FF784F /* Project object */;
}
